// !$*UTF8*$!
{
	archiveVersion = 1;
	classes = {
	};
	objectVersion = 50;
	objects = {

/* Begin PBXBuildFile section */
		A372FEEC234794C60053B581 /* AppDelegate.swift in Sources */ = {isa = PBXBuildFile; fileRef = A372FEEB234794C60053B581 /* AppDelegate.swift */; };
		A372FEEE234794C60053B581 /* SceneDelegate.swift in Sources */ = {isa = PBXBuildFile; fileRef = A372FEED234794C60053B581 /* SceneDelegate.swift */; };
		A372FEF3234794C60053B581 /* Main.storyboard in Resources */ = {isa = PBXBuildFile; fileRef = A372FEF1234794C60053B581 /* Main.storyboard */; };
		A372FEF5234794C70053B581 /* Assets.xcassets in Resources */ = {isa = PBXBuildFile; fileRef = A372FEF4234794C70053B581 /* Assets.xcassets */; };
		A372FEF8234794C70053B581 /* LaunchScreen.storyboard in Resources */ = {isa = PBXBuildFile; fileRef = A372FEF6234794C70053B581 /* LaunchScreen.storyboard */; };
		A372FF2823486CF20053B581 /* MainViewController.swift in Sources */ = {isa = PBXBuildFile; fileRef = A372FF2723486CF20053B581 /* MainViewController.swift */; };
		A372FF2C23486EE60053B581 /* HeaderView.swift in Sources */ = {isa = PBXBuildFile; fileRef = A372FF2B23486EE60053B581 /* HeaderView.swift */; };
		A372FF2E23486EF30053B581 /* FooterView.swift in Sources */ = {isa = PBXBuildFile; fileRef = A372FF2D23486EF30053B581 /* FooterView.swift */; };
		A372FF3023486F050053B581 /* BodyView.swift in Sources */ = {isa = PBXBuildFile; fileRef = A372FF2F23486F050053B581 /* BodyView.swift */; };
		ABF87147A038AC2F46328DAF /* Pods_Bitcoin_price_ios.framework in Frameworks */ = {isa = PBXBuildFile; fileRef = C3A782EFF7EC34F4D8EDC47F /* Pods_Bitcoin_price_ios.framework */; };
/* End PBXBuildFile section */

/* Begin PBXFileReference section */
		162517E5E8F6BB0E4F9BA344 /* Pods-Bitcoin-price-ios.release.xcconfig */ = {isa = PBXFileReference; includeInIndex = 1; lastKnownFileType = text.xcconfig; name = "Pods-Bitcoin-price-ios.release.xcconfig"; path = "Pods/Target Support Files/Pods-Bitcoin-price-ios/Pods-Bitcoin-price-ios.release.xcconfig"; sourceTree = "<group>"; };
		A372FEE8234794C60053B581 /* Bitcoin-price-ios.app */ = {isa = PBXFileReference; explicitFileType = wrapper.application; includeInIndex = 0; path = "Bitcoin-price-ios.app"; sourceTree = BUILT_PRODUCTS_DIR; };
		A372FEEB234794C60053B581 /* AppDelegate.swift */ = {isa = PBXFileReference; lastKnownFileType = sourcecode.swift; path = AppDelegate.swift; sourceTree = "<group>"; };
		A372FEED234794C60053B581 /* SceneDelegate.swift */ = {isa = PBXFileReference; lastKnownFileType = sourcecode.swift; path = SceneDelegate.swift; sourceTree = "<group>"; };
		A372FEF2234794C60053B581 /* Base */ = {isa = PBXFileReference; lastKnownFileType = file.storyboard; name = Base; path = Base.lproj/Main.storyboard; sourceTree = "<group>"; };
		A372FEF4234794C70053B581 /* Assets.xcassets */ = {isa = PBXFileReference; lastKnownFileType = folder.assetcatalog; path = Assets.xcassets; sourceTree = "<group>"; };
		A372FEF7234794C70053B581 /* Base */ = {isa = PBXFileReference; lastKnownFileType = file.storyboard; name = Base; path = Base.lproj/LaunchScreen.storyboard; sourceTree = "<group>"; };
		A372FEF9234794C70053B581 /* Info.plist */ = {isa = PBXFileReference; lastKnownFileType = text.plist.xml; path = Info.plist; sourceTree = "<group>"; };
		A372FF2723486CF20053B581 /* MainViewController.swift */ = {isa = PBXFileReference; lastKnownFileType = sourcecode.swift; path = MainViewController.swift; sourceTree = "<group>"; };
		A372FF2B23486EE60053B581 /* HeaderView.swift */ = {isa = PBXFileReference; lastKnownFileType = sourcecode.swift; path = HeaderView.swift; sourceTree = "<group>"; };
		A372FF2D23486EF30053B581 /* FooterView.swift */ = {isa = PBXFileReference; lastKnownFileType = sourcecode.swift; path = FooterView.swift; sourceTree = "<group>"; };
		A372FF2F23486F050053B581 /* BodyView.swift */ = {isa = PBXFileReference; lastKnownFileType = sourcecode.swift; path = BodyView.swift; sourceTree = "<group>"; };
		C3A782EFF7EC34F4D8EDC47F /* Pods_Bitcoin_price_ios.framework */ = {isa = PBXFileReference; explicitFileType = wrapper.framework; includeInIndex = 0; path = Pods_Bitcoin_price_ios.framework; sourceTree = BUILT_PRODUCTS_DIR; };
		DA6EDA018A4BAB48EFB3B128 /* Pods-Bitcoin-price-ios.debug.xcconfig */ = {isa = PBXFileReference; includeInIndex = 1; lastKnownFileType = text.xcconfig; name = "Pods-Bitcoin-price-ios.debug.xcconfig"; path = "Pods/Target Support Files/Pods-Bitcoin-price-ios/Pods-Bitcoin-price-ios.debug.xcconfig"; sourceTree = "<group>"; };
/* End PBXFileReference section */

/* Begin PBXFrameworksBuildPhase section */
		A372FEE5234794C60053B581 /* Frameworks */ = {
			isa = PBXFrameworksBuildPhase;
			buildActionMask = 2147483647;
			files = (
				ABF87147A038AC2F46328DAF /* Pods_Bitcoin_price_ios.framework in Frameworks */,
			);
			runOnlyForDeploymentPostprocessing = 0;
		};
/* End PBXFrameworksBuildPhase section */

/* Begin PBXGroup section */
		A372FEDF234794C60053B581 = {
			isa = PBXGroup;
			children = (
				A372FEEA234794C60053B581 /* Bitcoin-price-ios */,
				F9A03603E4F97DBCBAEBC3C5 /* Frameworks */,
				F29A03F0790A8759E0169413 /* Pods */,
				A372FEE9234794C60053B581 /* Products */,
			);
			sourceTree = "<group>";
		};
		A372FEE9234794C60053B581 /* Products */ = {
			isa = PBXGroup;
			children = (
				A372FEE8234794C60053B581 /* Bitcoin-price-ios.app */,
			);
			name = Products;
			sourceTree = "<group>";
		};
		A372FEEA234794C60053B581 /* Bitcoin-price-ios */ = {
			isa = PBXGroup;
			children = (
				A372FEF4234794C70053B581 /* Assets.xcassets */,
				A372FF2323486C6A0053B581 /* Classes */,
				A372FF2923486E4D0053B581 /* Model */,
				A372FF2A23486E550053B581 /* Services */,
				A372FF22234865090053B581 /* UI */,
				A372FF2423486C7D0053B581 /* View */,
				A372FEF9234794C70053B581 /* Info.plist */,
			);
			path = "Bitcoin-price-ios";
			sourceTree = "<group>";
		};
		A372FF22234865090053B581 /* UI */ = {
			isa = PBXGroup;
			children = (
			);
			path = UI;
			sourceTree = "<group>";
		};
		A372FF2323486C6A0053B581 /* Classes */ = {
			isa = PBXGroup;
			children = (
				A372FEEB234794C60053B581 /* AppDelegate.swift */,
				A372FEED234794C60053B581 /* SceneDelegate.swift */,
				A372FF2623486C960053B581 /* Body */,
				A372FF2523486C8C0053B581 /* View */,
			);
			path = Classes;
			sourceTree = "<group>";
		};
		A372FF2423486C7D0053B581 /* View */ = {
			isa = PBXGroup;
			children = (
				A372FEF6234794C70053B581 /* LaunchScreen.storyboard */,
				A372FEF1234794C60053B581 /* Main.storyboard */,
			);
			path = View;
			sourceTree = "<group>";
		};
		A372FF2523486C8C0053B581 /* View */ = {
			isa = PBXGroup;
			children = (
				A372FF2723486CF20053B581 /* MainViewController.swift */,
				A372FF2B23486EE60053B581 /* HeaderView.swift */,
				A372FF2D23486EF30053B581 /* FooterView.swift */,
				A372FF2F23486F050053B581 /* BodyView.swift */,
			);
			path = View;
			sourceTree = "<group>";
		};
		A372FF2623486C960053B581 /* Body */ = {
			isa = PBXGroup;
			children = (
			);
			path = Body;
			sourceTree = "<group>";
		};
		A372FF2923486E4D0053B581 /* Model */ = {
			isa = PBXGroup;
			children = (
			);
			path = Model;
			sourceTree = "<group>";
		};
		A372FF2A23486E550053B581 /* Services */ = {
			isa = PBXGroup;
			children = (
			);
			path = Services;
			sourceTree = "<group>";
		};
		F29A03F0790A8759E0169413 /* Pods */ = {
			isa = PBXGroup;
			children = (
				DA6EDA018A4BAB48EFB3B128 /* Pods-Bitcoin-price-ios.debug.xcconfig */,
				162517E5E8F6BB0E4F9BA344 /* Pods-Bitcoin-price-ios.release.xcconfig */,
			);
			name = Pods;
			sourceTree = "<group>";
		};
		F9A03603E4F97DBCBAEBC3C5 /* Frameworks */ = {
			isa = PBXGroup;
			children = (
				C3A782EFF7EC34F4D8EDC47F /* Pods_Bitcoin_price_ios.framework */,
			);
			name = Frameworks;
			sourceTree = "<group>";
		};
/* End PBXGroup section */

/* Begin PBXNativeTarget section */
		A372FEE7234794C60053B581 /* Bitcoin-price-ios */ = {
			isa = PBXNativeTarget;
			buildConfigurationList = A372FEFC234794C70053B581 /* Build configuration list for PBXNativeTarget "Bitcoin-price-ios" */;
			buildPhases = (
				D02DF5C85F282429F47F782E /* [CP] Check Pods Manifest.lock */,
				A372FEE4234794C60053B581 /* Sources */,
				A372FEE5234794C60053B581 /* Frameworks */,
				A372FEE6234794C60053B581 /* Resources */,
				6F81C57A19F29DE3E000AB41 /* [CP] Embed Pods Frameworks */,
			);
			buildRules = (
			);
			dependencies = (
			);
			name = "Bitcoin-price-ios";
			productName = "Bitcoin-price-ios";
			productReference = A372FEE8234794C60053B581 /* Bitcoin-price-ios.app */;
			productType = "com.apple.product-type.application";
		};
/* End PBXNativeTarget section */

/* Begin PBXProject section */
		A372FEE0234794C60053B581 /* Project object */ = {
			isa = PBXProject;
			attributes = {
				LastSwiftUpdateCheck = 1100;
				LastUpgradeCheck = 1100;
				ORGANIZATIONNAME = "Prince Kumar";
				TargetAttributes = {
					A372FEE7234794C60053B581 = {
						CreatedOnToolsVersion = 11.0;
					};
				};
			};
			buildConfigurationList = A372FEE3234794C60053B581 /* Build configuration list for PBXProject "Bitcoin-price-ios" */;
			compatibilityVersion = "Xcode 9.3";
			developmentRegion = en;
			hasScannedForEncodings = 0;
			knownRegions = (
				en,
				Base,
			);
			mainGroup = A372FEDF234794C60053B581;
			productRefGroup = A372FEE9234794C60053B581 /* Products */;
			projectDirPath = "";
			projectRoot = "";
			targets = (
				A372FEE7234794C60053B581 /* Bitcoin-price-ios */,
			);
		};
/* End PBXProject section */

/* Begin PBXResourcesBuildPhase section */
		A372FEE6234794C60053B581 /* Resources */ = {
			isa = PBXResourcesBuildPhase;
			buildActionMask = 2147483647;
			files = (
				A372FEF8234794C70053B581 /* LaunchScreen.storyboard in Resources */,
				A372FEF5234794C70053B581 /* Assets.xcassets in Resources */,
				A372FEF3234794C60053B581 /* Main.storyboard in Resources */,
			);
			runOnlyForDeploymentPostprocessing = 0;
		};
/* End PBXResourcesBuildPhase section */

/* Begin PBXShellScriptBuildPhase section */
		6F81C57A19F29DE3E000AB41 /* [CP] Embed Pods Frameworks */ = {
			isa = PBXShellScriptBuildPhase;
			buildActionMask = 2147483647;
			files = (
			);
			inputPaths = (
				"${SRCROOT}/Pods/Target Support Files/Pods-Bitcoin-price-ios/Pods-Bitcoin-price-ios-frameworks.sh",
				"${BUILT_PRODUCTS_DIR}/Alamofire/Alamofire.framework",
			);
			name = "[CP] Embed Pods Frameworks";
			outputPaths = (
				"${TARGET_BUILD_DIR}/${FRAMEWORKS_FOLDER_PATH}/Alamofire.framework",
			);
			runOnlyForDeploymentPostprocessing = 0;
			shellPath = /bin/sh;
			shellScript = "\"${SRCROOT}/Pods/Target Support Files/Pods-Bitcoin-price-ios/Pods-Bitcoin-price-ios-frameworks.sh\"\n";
			showEnvVarsInLog = 0;
		};
		D02DF5C85F282429F47F782E /* [CP] Check Pods Manifest.lock */ = {
			isa = PBXShellScriptBuildPhase;
			buildActionMask = 2147483647;
			files = (
			);
			inputPaths = (
				"${PODS_PODFILE_DIR_PATH}/Podfile.lock",
				"${PODS_ROOT}/Manifest.lock",
			);
			name = "[CP] Check Pods Manifest.lock";
			outputPaths = (
				"$(DERIVED_FILE_DIR)/Pods-Bitcoin-price-ios-checkManifestLockResult.txt",
			);
			runOnlyForDeploymentPostprocessing = 0;
			shellPath = /bin/sh;
			shellScript = "diff \"${PODS_PODFILE_DIR_PATH}/Podfile.lock\" \"${PODS_ROOT}/Manifest.lock\" > /dev/null\nif [ $? != 0 ] ; then\n    # print error to STDERR\n    echo \"error: The sandbox is not in sync with the Podfile.lock. Run 'pod install' or update your CocoaPods installation.\" >&2\n    exit 1\nfi\n# This output is used by Xcode 'outputs' to avoid re-running this script phase.\necho \"SUCCESS\" > \"${SCRIPT_OUTPUT_FILE_0}\"\n";
			showEnvVarsInLog = 0;
		};
/* End PBXShellScriptBuildPhase section */

/* Begin PBXSourcesBuildPhase section */
		A372FEE4234794C60053B581 /* Sources */ = {
			isa = PBXSourcesBuildPhase;
			buildActionMask = 2147483647;
			files = (
				A372FF2823486CF20053B581 /* MainViewController.swift in Sources */,
				A372FEEC234794C60053B581 /* AppDelegate.swift in Sources */,
				A372FF3023486F050053B581 /* BodyView.swift in Sources */,
				A372FEEE234794C60053B581 /* SceneDelegate.swift in Sources */,
				A372FF2E23486EF30053B581 /* FooterView.swift in Sources */,
				A372FF2C23486EE60053B581 /* HeaderView.swift in Sources */,
			);
			runOnlyForDeploymentPostprocessing = 0;
		};
/* End PBXSourcesBuildPhase section */

/* Begin PBXVariantGroup section */
		A372FEF1234794C60053B581 /* Main.storyboard */ = {
			isa = PBXVariantGroup;
			children = (
				A372FEF2234794C60053B581 /* Base */,
			);
			name = Main.storyboard;
			sourceTree = "<group>";
		};
		A372FEF6234794C70053B581 /* LaunchScreen.storyboard */ = {
			isa = PBXVariantGroup;
			children = (
				A372FEF7234794C70053B581 /* Base */,
			);
			name = LaunchScreen.storyboard;
			sourceTree = "<group>";
		};
/* End PBXVariantGroup section */

/* Begin XCBuildConfiguration section */
		A372FEFA234794C70053B581 /* Debug */ = {
			isa = XCBuildConfiguration;
			buildSettings = {
				ALWAYS_SEARCH_USER_PATHS = NO;
				CLANG_ANALYZER_NONNULL = YES;
				CLANG_ANALYZER_NUMBER_OBJECT_CONVERSION = YES_AGGRESSIVE;
				CLANG_CXX_LANGUAGE_STANDARD = "gnu++14";
				CLANG_CXX_LIBRARY = "libc++";
				CLANG_ENABLE_MODULES = YES;
				CLANG_ENABLE_OBJC_ARC = YES;
				CLANG_ENABLE_OBJC_WEAK = YES;
				CLANG_WARN_BLOCK_CAPTURE_AUTORELEASING = YES;
				CLANG_WARN_BOOL_CONVERSION = YES;
				CLANG_WARN_COMMA = YES;
				CLANG_WARN_CONSTANT_CONVERSION = YES;
				CLANG_WARN_DEPRECATED_OBJC_IMPLEMENTATIONS = YES;
				CLANG_WARN_DIRECT_OBJC_ISA_USAGE = YES_ERROR;
				CLANG_WARN_DOCUMENTATION_COMMENTS = YES;
				CLANG_WARN_EMPTY_BODY = YES;
				CLANG_WARN_ENUM_CONVERSION = YES;
				CLANG_WARN_INFINITE_RECURSION = YES;
				CLANG_WARN_INT_CONVERSION = YES;
				CLANG_WARN_NON_LITERAL_NULL_CONVERSION = YES;
				CLANG_WARN_OBJC_IMPLICIT_RETAIN_SELF = YES;
				CLANG_WARN_OBJC_LITERAL_CONVERSION = YES;
				CLANG_WARN_OBJC_ROOT_CLASS = YES_ERROR;
				CLANG_WARN_RANGE_LOOP_ANALYSIS = YES;
				CLANG_WARN_STRICT_PROTOTYPES = YES;
				CLANG_WARN_SUSPICIOUS_MOVE = YES;
				CLANG_WARN_UNGUARDED_AVAILABILITY = YES_AGGRESSIVE;
				CLANG_WARN_UNREACHABLE_CODE = YES;
				CLANG_WARN__DUPLICATE_METHOD_MATCH = YES;
				COPY_PHASE_STRIP = NO;
				DEBUG_INFORMATION_FORMAT = dwarf;
				ENABLE_STRICT_OBJC_MSGSEND = YES;
				ENABLE_TESTABILITY = YES;
				GCC_C_LANGUAGE_STANDARD = gnu11;
				GCC_DYNAMIC_NO_PIC = NO;
				GCC_NO_COMMON_BLOCKS = YES;
				GCC_OPTIMIZATION_LEVEL = 0;
				GCC_PREPROCESSOR_DEFINITIONS = (
					"DEBUG=1",
					"$(inherited)",
				);
				GCC_WARN_64_TO_32_BIT_CONVERSION = YES;
				GCC_WARN_ABOUT_RETURN_TYPE = YES_ERROR;
				GCC_WARN_UNDECLARED_SELECTOR = YES;
				GCC_WARN_UNINITIALIZED_AUTOS = YES_AGGRESSIVE;
				GCC_WARN_UNUSED_FUNCTION = YES;
				GCC_WARN_UNUSED_VARIABLE = YES;
				IPHONEOS_DEPLOYMENT_TARGET = 13.0;
				MTL_ENABLE_DEBUG_INFO = INCLUDE_SOURCE;
				MTL_FAST_MATH = YES;
				ONLY_ACTIVE_ARCH = YES;
				SDKROOT = iphoneos;
				SWIFT_ACTIVE_COMPILATION_CONDITIONS = DEBUG;
				SWIFT_OPTIMIZATION_LEVEL = "-Onone";
			};
			name = Debug;
		};
		A372FEFB234794C70053B581 /* Release */ = {
			isa = XCBuildConfiguration;
			buildSettings = {
				ALWAYS_SEARCH_USER_PATHS = NO;
				CLANG_ANALYZER_NONNULL = YES;
				CLANG_ANALYZER_NUMBER_OBJECT_CONVERSION = YES_AGGRESSIVE;
				CLANG_CXX_LANGUAGE_STANDARD = "gnu++14";
				CLANG_CXX_LIBRARY = "libc++";
				CLANG_ENABLE_MODULES = YES;
				CLANG_ENABLE_OBJC_ARC = YES;
				CLANG_ENABLE_OBJC_WEAK = YES;
				CLANG_WARN_BLOCK_CAPTURE_AUTORELEASING = YES;
				CLANG_WARN_BOOL_CONVERSION = YES;
				CLANG_WARN_COMMA = YES;
				CLANG_WARN_CONSTANT_CONVERSION = YES;
				CLANG_WARN_DEPRECATED_OBJC_IMPLEMENTATIONS = YES;
				CLANG_WARN_DIRECT_OBJC_ISA_USAGE = YES_ERROR;
				CLANG_WARN_DOCUMENTATION_COMMENTS = YES;
				CLANG_WARN_EMPTY_BODY = YES;
				CLANG_WARN_ENUM_CONVERSION = YES;
				CLANG_WARN_INFINITE_RECURSION = YES;
				CLANG_WARN_INT_CONVERSION = YES;
				CLANG_WARN_NON_LITERAL_NULL_CONVERSION = YES;
				CLANG_WARN_OBJC_IMPLICIT_RETAIN_SELF = YES;
				CLANG_WARN_OBJC_LITERAL_CONVERSION = YES;
				CLANG_WARN_OBJC_ROOT_CLASS = YES_ERROR;
				CLANG_WARN_RANGE_LOOP_ANALYSIS = YES;
				CLANG_WARN_STRICT_PROTOTYPES = YES;
				CLANG_WARN_SUSPICIOUS_MOVE = YES;
				CLANG_WARN_UNGUARDED_AVAILABILITY = YES_AGGRESSIVE;
				CLANG_WARN_UNREACHABLE_CODE = YES;
				CLANG_WARN__DUPLICATE_METHOD_MATCH = YES;
				COPY_PHASE_STRIP = NO;
				DEBUG_INFORMATION_FORMAT = "dwarf-with-dsym";
				ENABLE_NS_ASSERTIONS = NO;
				ENABLE_STRICT_OBJC_MSGSEND = YES;
				GCC_C_LANGUAGE_STANDARD = gnu11;
				GCC_NO_COMMON_BLOCKS = YES;
				GCC_WARN_64_TO_32_BIT_CONVERSION = YES;
				GCC_WARN_ABOUT_RETURN_TYPE = YES_ERROR;
				GCC_WARN_UNDECLARED_SELECTOR = YES;
				GCC_WARN_UNINITIALIZED_AUTOS = YES_AGGRESSIVE;
				GCC_WARN_UNUSED_FUNCTION = YES;
				GCC_WARN_UNUSED_VARIABLE = YES;
				IPHONEOS_DEPLOYMENT_TARGET = 13.0;
				MTL_ENABLE_DEBUG_INFO = NO;
				MTL_FAST_MATH = YES;
				SDKROOT = iphoneos;
				SWIFT_COMPILATION_MODE = wholemodule;
				SWIFT_OPTIMIZATION_LEVEL = "-O";
				VALIDATE_PRODUCT = YES;
			};
			name = Release;
		};
		A372FEFD234794C70053B581 /* Debug */ = {
			isa = XCBuildConfiguration;
			baseConfigurationReference = DA6EDA018A4BAB48EFB3B128 /* Pods-Bitcoin-price-ios.debug.xcconfig */;
			buildSettings = {
				ASSETCATALOG_COMPILER_APPICON_NAME = AppIcon;
				CODE_SIGN_STYLE = Automatic;
				INFOPLIST_FILE = "Bitcoin-price-ios/Info.plist";
				LD_RUNPATH_SEARCH_PATHS = (
					"$(inherited)",
					"@executable_path/Frameworks",
				);
				PRODUCT_BUNDLE_IDENTIFIER = "com.princekr.ios.Bitcoin-price-ios";
				PRODUCT_NAME = "$(TARGET_NAME)";
				SWIFT_VERSION = 5.0;
				TARGETED_DEVICE_FAMILY = "1,2";
			};
			name = Debug;
		};
		A372FEFE234794C70053B581 /* Release */ = {
			isa = XCBuildConfiguration;
			baseConfigurationReference = 162517E5E8F6BB0E4F9BA344 /* Pods-Bitcoin-price-ios.release.xcconfig */;
			buildSettings = {
				ASSETCATALOG_COMPILER_APPICON_NAME = AppIcon;
				CODE_SIGN_STYLE = Automatic;
				INFOPLIST_FILE = "Bitcoin-price-ios/Info.plist";
				LD_RUNPATH_SEARCH_PATHS = (
					"$(inherited)",
					"@executable_path/Frameworks",
				);
				PRODUCT_BUNDLE_IDENTIFIER = "com.princekr.ios.Bitcoin-price-ios";
				PRODUCT_NAME = "$(TARGET_NAME)";
				SWIFT_VERSION = 5.0;
				TARGETED_DEVICE_FAMILY = "1,2";
			};
			name = Release;
		};
/* End XCBuildConfiguration section */

/* Begin XCConfigurationList section */
		A372FEE3234794C60053B581 /* Build configuration list for PBXProject "Bitcoin-price-ios" */ = {
			isa = XCConfigurationList;
			buildConfigurations = (
				A372FEFA234794C70053B581 /* Debug */,
				A372FEFB234794C70053B581 /* Release */,
			);
			defaultConfigurationIsVisible = 0;
			defaultConfigurationName = Release;
		};
		A372FEFC234794C70053B581 /* Build configuration list for PBXNativeTarget "Bitcoin-price-ios" */ = {
			isa = XCConfigurationList;
			buildConfigurations = (
				A372FEFD234794C70053B581 /* Debug */,
				A372FEFE234794C70053B581 /* Release */,
			);
			defaultConfigurationIsVisible = 0;
			defaultConfigurationName = Release;
		};
/* End XCConfigurationList section */
	};
	rootObject = A372FEE0234794C60053B581 /* Project object */;
}
